
Microsoft Visual Studio Solution File, Format Version 12.00
# Visual Studio Version 16
VisualStudioVersion = 16.0.30114.105
MinimumVisualStudioVersion = 10.0.40219.1
Project("{2150E333-8FDC-42A3-9474-1A3956D46DE8}") = "_DesignPatternIntro", "_DesignPatternIntro", "{2E21D810-C533-493E-B1D8-95AD2A479048}"
EndProject
Project("{2150E333-8FDC-42A3-9474-1A3956D46DE8}") = "Adapter", "Adapter", "{C801C3E0-B287-4078-A7AE-3DE9C259A318}"
EndProject
Project("{9A19103F-16F7-4668-BE54-9A1E7A4F7556}") = "DrawingEditor", "Adapter\DrawingEditor\DrawingEditor.csproj", "{46C99A6B-1616-4CC8-84F4-EAD319DEE4DE}"
EndProject
Project("{2150E333-8FDC-42A3-9474-1A3956D46DE8}") = "AbstractFactory", "AbstractFactory", "{34CE6218-345E-4311-A5E4-8E4CA2DA192B}"
EndProject
Project("{9A19103F-16F7-4668-BE54-9A1E7A4F7556}") = "GuiFactory", "AbstractFactory\GuiFactory\GuiFactory.csproj", "{CC2ED9F9-508E-4260-997F-EB2495B9E406}"
EndProject
Project("{2150E333-8FDC-42A3-9474-1A3956D46DE8}") = "Command", "Command", "{F6F7B1F5-287F-4C61-AB7D-8D55FB72B1E0}"
EndProject
Project("{9A19103F-16F7-4668-BE54-9A1E7A4F7556}") = "TextEditorApp", "Command\TextEditorApp\TextEditorApp.csproj", "{091E80B3-824D-43CD-A839-A6B736B12138}"
EndProject
Project("{9A19103F-16F7-4668-BE54-9A1E7A4F7556}") = "CommandFx", "Command\CommandFx\CommandFx.csproj", "{81821927-39E3-455A-8B28-30173DC38E68}"
EndProject
Project("{2150E333-8FDC-42A3-9474-1A3956D46DE8}") = "CommandProcessor", "CommandProcessor", "{7612C798-A5B6-49E3-8951-7C5E201DC821}"
EndProject
Project("{2150E333-8FDC-42A3-9474-1A3956D46DE8}") = "Composite", "Composite", "{A6A1379B-A42F-483A-B9D9-7CFCFAF979AE}"
EndProject
Project("{9A19103F-16F7-4668-BE54-9A1E7A4F7556}") = "DrawingApp", "Composite\DrawingApp\DrawingApp.csproj", "{795B2089-FF3A-4E93-8F0B-67FF49222F26}"
EndProject
Project("{2150E333-8FDC-42A3-9474-1A3956D46DE8}") = "Delegate", "Delegate", "{D0E5EF5D-87E3-4BA3-A32D-6F5755A11D99}"
EndProject
Project("{2150E333-8FDC-42A3-9474-1A3956D46DE8}") = "DependencyInjection", "DependencyInjection", "{4010C5FA-182B-49BA-A21E-8D95E3D63D5B}"
EndProject
Project("{9A19103F-16F7-4668-BE54-9A1E7A4F7556}") = "DI_Initial", "DepencencyInjection\DI_Initial\DI_Initial.csproj", "{3D229E51-DEEF-4DF5-BE50-A3613E38EF2F}"
EndProject
Project("{9A19103F-16F7-4668-BE54-9A1E7A4F7556}") = "DI_WithStrategy", "DepencencyInjection\DI_WithStrategy\DI_WithStrategy.csproj", "{14A4ED23-4778-486A-9CB6-EC3187742410}"
EndProject
Project("{9A19103F-16F7-4668-BE54-9A1E7A4F7556}") = "DI_WithStrategyAndDI", "DepencencyInjection\DI_WithStrategyAndDI\DI_WithStrategyAndDI.csproj", "{94DF0C6A-8539-4E27-B8A1-1AD43E24C1D1}"
EndProject
Project("{2150E333-8FDC-42A3-9474-1A3956D46DE8}") = "FactoryMethod", "FactoryMethod", "{0AD46CCF-A2C3-4D14-8330-B5AFD13EBBEB}"
EndProject
Project("{9A19103F-16F7-4668-BE54-9A1E7A4F7556}") = "FM_TextEditorApp", "FactoryMethod\FM_TextEditorApp\FM_TextEditorApp.csproj", "{E947AA60-6279-4753-924B-8977CF1189C2}"
EndProject
Project("{9A19103F-16F7-4668-BE54-9A1E7A4F7556}") = "FM_DocFx", "FactoryMethod\FM_DocFx\FM_DocFx.csproj", "{03910D76-8880-4C67-B13B-D67545CA06DD}"
EndProject
Project("{2150E333-8FDC-42A3-9474-1A3956D46DE8}") = "MementoWithCommandProcessor", "MementoWithCommandProcessor", "{717E51F1-3323-4AA4-A71F-D507278C325F}"
EndProject
Project("{9A19103F-16F7-4668-BE54-9A1E7A4F7556}") = "ME_CommandFx", "MementoWithCommandProcessor\ME_CommandFx\ME_CommandFx.csproj", "{361BF113-C62F-4A82-BFCD-C102D831E90C}"
EndProject
Project("{9A19103F-16F7-4668-BE54-9A1E7A4F7556}") = "ME_DrawingEditorApp", "MementoWithCommandProcessor\ME_DrawingEditorApp\ME_DrawingEditorApp.csproj", "{BCC223B1-7C26-4890-B20B-18592F231208}"
EndProject
Project("{2150E333-8FDC-42A3-9474-1A3956D46DE8}") = "Observer", "Observer", "{20F634BD-A742-4F6A-8E0D-47A70F729D52}"
EndProject
Project("{9A19103F-16F7-4668-BE54-9A1E7A4F7556}") = "Observer_Intro", "Observer\Observer_Intro\Observer_Intro.csproj", "{BC18BDA9-B0A4-475C-8095-90879C621F26}"
EndProject
Project("{9A19103F-16F7-4668-BE54-9A1E7A4F7556}") = "Observer_DocView", "Observer\Observer_DocView\Observer_DocView.csproj", "{91698409-7212-42D3-B62E-5460B2694254}"
EndProject
Project("{2150E333-8FDC-42A3-9474-1A3956D46DE8}") = "Proxy", "Proxy", "{A33C732F-A0BB-4E52-A21C-AA24D6A942D6}"
EndProject
Project("{9A19103F-16F7-4668-BE54-9A1E7A4F7556}") = "Proxy_DocumentEditorApp", "Proxy\Proxy_DocumentEditorApp\Proxy_DocumentEditorApp.csproj", "{EF345ADC-0583-490F-B622-2CC5277C1EEA}"
EndProject
Project("{2150E333-8FDC-42A3-9474-1A3956D46DE8}") = "Singleton", "Singleton", "{24DA322B-59BC-4B83-B0A6-5852D4A5B5FC}"
EndProject
Project("{9A19103F-16F7-4668-BE54-9A1E7A4F7556}") = "SingletonApp", "Singleton\SingletonApp\SingletonApp.csproj", "{E14C3AC2-5451-4E62-BB4D-DEEFFAAE6501}"
EndProject
Project("{2150E333-8FDC-42A3-9474-1A3956D46DE8}") = "Strategy", "Strategy", "{036C82CD-D0A0-425F-9D83-7E00DF9965C3}"
	ProjectSection(SolutionItems) = preProject
		Strategy\Olvass.txt = Strategy\Olvass.txt
	EndProjectSection
EndProject
Project("{9A19103F-16F7-4668-BE54-9A1E7A4F7556}") = "SortApp", "Strategy\SortApp\SortApp.csproj", "{ADD14F25-1291-40DA-8D40-E889894B04E0}"
EndProject
Project("{9A19103F-16F7-4668-BE54-9A1E7A4F7556}") = "Strategy_DataProcessor", "Strategy\Strategy_DataProcessor\Strategy_DataProcessor.csproj", "{A2DC084D-571D-435E-8F01-53FEAC103C59}"
EndProject
Project("{2150E333-8FDC-42A3-9474-1A3956D46DE8}") = "StrategyAndTemplateMethod_Common", "StrategyAndTemplateMethod_Common", "{ACD01151-38E6-4751-8C90-DA70CBACCE29}"
EndProject
Project("{FAE04EC0-301F-11D3-BF4B-00C04F79EFBC}") = "Initial_DataProcessor", "StrategyAndTemplateMethod_Common\Initial_DataProcessor\Initial_DataProcessor.csproj", "{285F8691-D307-432F-84A6-15847937C4B5}"
EndProject
Project("{2150E333-8FDC-42A3-9474-1A3956D46DE8}") = "TemplateMethod", "TemplateMethod", "{8A131CA8-38E5-445F-B014-1F3E71F42492}"
	ProjectSection(SolutionItems) = preProject
		TemplateMethod\Olvass.txt = TemplateMethod\Olvass.txt
	EndProjectSection
EndProject
Project("{FAE04EC0-301F-11D3-BF4B-00C04F79EFBC}") = "TM_DataProcessor", "TemplateMethod\TM_DataProcessor\TM_DataProcessor.csproj", "{CDFC3C86-189F-44E6-85F0-95064F43245A}"
EndProject
Project("{9A19103F-16F7-4668-BE54-9A1E7A4F7556}") = "Delegate_DataProcessor", "Delegate\Delegate_DataProcessor\Delegate_DataProcessor.csproj", "{4E5188D7-0F12-41F0-81C5-E44A8358FC7B}"
EndProject
Project("{9A19103F-16F7-4668-BE54-9A1E7A4F7556}") = "Intro_DataProcessor", "_DesignPatternIntro\Intro_DataProcessor\Intro_DataProcessor.csproj", "{2C69C756-91FE-4F86-95AA-16373F4CAA3F}"
EndProject
Project("{9A19103F-16F7-4668-BE54-9A1E7A4F7556}") = "CP_CommandFx", "CommandProcessor\CP_CommandFx\CP_CommandFx.csproj", "{0FEEFAEF-1D35-4F8C-899B-54F5A688EB78}"
EndProject
Project("{9A19103F-16F7-4668-BE54-9A1E7A4F7556}") = "CP_TextEditorApp", "CommandProcessor\CP_TextEditorApp\CP_TextEditorApp.csproj", "{A14A1B8D-6DB6-455D-8048-529AF7D6F31D}"
EndProject
Project("{9A19103F-16F7-4668-BE54-9A1E7A4F7556}") = "Strategy_UnitTests", "Strategy\Strategy_UnitTests\Strategy_UnitTests.csproj", "{693A75EC-43B7-40F6-98FE-ACF35AF02F19}"
EndProject
Global
	GlobalSection(SolutionConfigurationPlatforms) = preSolution
		Debug|Any CPU = Debug|Any CPU
		Release|Any CPU = Release|Any CPU
	EndGlobalSection
	GlobalSection(ProjectConfigurationPlatforms) = postSolution
		{46C99A6B-1616-4CC8-84F4-EAD319DEE4DE}.Debug|Any CPU.ActiveCfg = Debug|Any CPU
		{46C99A6B-1616-4CC8-84F4-EAD319DEE4DE}.Debug|Any CPU.Build.0 = Debug|Any CPU
		{46C99A6B-1616-4CC8-84F4-EAD319DEE4DE}.Release|Any CPU.ActiveCfg = Release|Any CPU
		{46C99A6B-1616-4CC8-84F4-EAD319DEE4DE}.Release|Any CPU.Build.0 = Release|Any CPU
		{CC2ED9F9-508E-4260-997F-EB2495B9E406}.Debug|Any CPU.ActiveCfg = Debug|Any CPU
		{CC2ED9F9-508E-4260-997F-EB2495B9E406}.Debug|Any CPU.Build.0 = Debug|Any CPU
		{CC2ED9F9-508E-4260-997F-EB2495B9E406}.Release|Any CPU.ActiveCfg = Release|Any CPU
		{CC2ED9F9-508E-4260-997F-EB2495B9E406}.Release|Any CPU.Build.0 = Release|Any CPU
		{091E80B3-824D-43CD-A839-A6B736B12138}.Debug|Any CPU.ActiveCfg = Debug|Any CPU
		{091E80B3-824D-43CD-A839-A6B736B12138}.Debug|Any CPU.Build.0 = Debug|Any CPU
		{091E80B3-824D-43CD-A839-A6B736B12138}.Release|Any CPU.ActiveCfg = Release|Any CPU
		{091E80B3-824D-43CD-A839-A6B736B12138}.Release|Any CPU.Build.0 = Release|Any CPU
		{81821927-39E3-455A-8B28-30173DC38E68}.Debug|Any CPU.ActiveCfg = Debug|Any CPU
		{81821927-39E3-455A-8B28-30173DC38E68}.Debug|Any CPU.Build.0 = Debug|Any CPU
		{81821927-39E3-455A-8B28-30173DC38E68}.Release|Any CPU.ActiveCfg = Release|Any CPU
		{81821927-39E3-455A-8B28-30173DC38E68}.Release|Any CPU.Build.0 = Release|Any CPU
		{795B2089-FF3A-4E93-8F0B-67FF49222F26}.Debug|Any CPU.ActiveCfg = Debug|Any CPU
		{795B2089-FF3A-4E93-8F0B-67FF49222F26}.Debug|Any CPU.Build.0 = Debug|Any CPU
		{795B2089-FF3A-4E93-8F0B-67FF49222F26}.Release|Any CPU.ActiveCfg = Release|Any CPU
		{795B2089-FF3A-4E93-8F0B-67FF49222F26}.Release|Any CPU.Build.0 = Release|Any CPU
		{3D229E51-DEEF-4DF5-BE50-A3613E38EF2F}.Debug|Any CPU.ActiveCfg = Debug|Any CPU
		{3D229E51-DEEF-4DF5-BE50-A3613E38EF2F}.Debug|Any CPU.Build.0 = Debug|Any CPU
		{3D229E51-DEEF-4DF5-BE50-A3613E38EF2F}.Release|Any CPU.ActiveCfg = Release|Any CPU
		{3D229E51-DEEF-4DF5-BE50-A3613E38EF2F}.Release|Any CPU.Build.0 = Release|Any CPU
		{14A4ED23-4778-486A-9CB6-EC3187742410}.Debug|Any CPU.ActiveCfg = Debug|Any CPU
		{14A4ED23-4778-486A-9CB6-EC3187742410}.Debug|Any CPU.Build.0 = Debug|Any CPU
		{14A4ED23-4778-486A-9CB6-EC3187742410}.Release|Any CPU.ActiveCfg = Release|Any CPU
		{14A4ED23-4778-486A-9CB6-EC3187742410}.Release|Any CPU.Build.0 = Release|Any CPU
		{94DF0C6A-8539-4E27-B8A1-1AD43E24C1D1}.Debug|Any CPU.ActiveCfg = Debug|Any CPU
		{94DF0C6A-8539-4E27-B8A1-1AD43E24C1D1}.Debug|Any CPU.Build.0 = Debug|Any CPU
		{94DF0C6A-8539-4E27-B8A1-1AD43E24C1D1}.Release|Any CPU.ActiveCfg = Release|Any CPU
		{94DF0C6A-8539-4E27-B8A1-1AD43E24C1D1}.Release|Any CPU.Build.0 = Release|Any CPU
		{E947AA60-6279-4753-924B-8977CF1189C2}.Debug|Any CPU.ActiveCfg = Debug|Any CPU
		{E947AA60-6279-4753-924B-8977CF1189C2}.Debug|Any CPU.Build.0 = Debug|Any CPU
		{E947AA60-6279-4753-924B-8977CF1189C2}.Release|Any CPU.ActiveCfg = Release|Any CPU
		{E947AA60-6279-4753-924B-8977CF1189C2}.Release|Any CPU.Build.0 = Release|Any CPU
		{03910D76-8880-4C67-B13B-D67545CA06DD}.Debug|Any CPU.ActiveCfg = Debug|Any CPU
		{03910D76-8880-4C67-B13B-D67545CA06DD}.Debug|Any CPU.Build.0 = Debug|Any CPU
		{03910D76-8880-4C67-B13B-D67545CA06DD}.Release|Any CPU.ActiveCfg = Release|Any CPU
		{03910D76-8880-4C67-B13B-D67545CA06DD}.Release|Any CPU.Build.0 = Release|Any CPU
		{361BF113-C62F-4A82-BFCD-C102D831E90C}.Debug|Any CPU.ActiveCfg = Debug|Any CPU
		{361BF113-C62F-4A82-BFCD-C102D831E90C}.Debug|Any CPU.Build.0 = Debug|Any CPU
		{361BF113-C62F-4A82-BFCD-C102D831E90C}.Release|Any CPU.ActiveCfg = Release|Any CPU
		{361BF113-C62F-4A82-BFCD-C102D831E90C}.Release|Any CPU.Build.0 = Release|Any CPU
		{BCC223B1-7C26-4890-B20B-18592F231208}.Debug|Any CPU.ActiveCfg = Debug|Any CPU
		{BCC223B1-7C26-4890-B20B-18592F231208}.Debug|Any CPU.Build.0 = Debug|Any CPU
		{BCC223B1-7C26-4890-B20B-18592F231208}.Release|Any CPU.ActiveCfg = Release|Any CPU
		{BCC223B1-7C26-4890-B20B-18592F231208}.Release|Any CPU.Build.0 = Release|Any CPU
		{BC18BDA9-B0A4-475C-8095-90879C621F26}.Debug|Any CPU.ActiveCfg = Debug|Any CPU
		{BC18BDA9-B0A4-475C-8095-90879C621F26}.Debug|Any CPU.Build.0 = Debug|Any CPU
		{BC18BDA9-B0A4-475C-8095-90879C621F26}.Release|Any CPU.ActiveCfg = Release|Any CPU
		{BC18BDA9-B0A4-475C-8095-90879C621F26}.Release|Any CPU.Build.0 = Release|Any CPU
		{91698409-7212-42D3-B62E-5460B2694254}.Debug|Any CPU.ActiveCfg = Debug|Any CPU
		{91698409-7212-42D3-B62E-5460B2694254}.Debug|Any CPU.Build.0 = Debug|Any CPU
		{91698409-7212-42D3-B62E-5460B2694254}.Release|Any CPU.ActiveCfg = Release|Any CPU
		{91698409-7212-42D3-B62E-5460B2694254}.Release|Any CPU.Build.0 = Release|Any CPU
		{EF345ADC-0583-490F-B622-2CC5277C1EEA}.Debug|Any CPU.ActiveCfg = Debug|Any CPU
		{EF345ADC-0583-490F-B622-2CC5277C1EEA}.Debug|Any CPU.Build.0 = Debug|Any CPU
		{EF345ADC-0583-490F-B622-2CC5277C1EEA}.Release|Any CPU.ActiveCfg = Release|Any CPU
		{EF345ADC-0583-490F-B622-2CC5277C1EEA}.Release|Any CPU.Build.0 = Release|Any CPU
		{E14C3AC2-5451-4E62-BB4D-DEEFFAAE6501}.Debug|Any CPU.ActiveCfg = Debug|Any CPU
		{E14C3AC2-5451-4E62-BB4D-DEEFFAAE6501}.Debug|Any CPU.Build.0 = Debug|Any CPU
		{E14C3AC2-5451-4E62-BB4D-DEEFFAAE6501}.Release|Any CPU.ActiveCfg = Release|Any CPU
		{E14C3AC2-5451-4E62-BB4D-DEEFFAAE6501}.Release|Any CPU.Build.0 = Release|Any CPU
		{ADD14F25-1291-40DA-8D40-E889894B04E0}.Debug|Any CPU.ActiveCfg = Debug|Any CPU
		{ADD14F25-1291-40DA-8D40-E889894B04E0}.Debug|Any CPU.Build.0 = Debug|Any CPU
		{ADD14F25-1291-40DA-8D40-E889894B04E0}.Release|Any CPU.ActiveCfg = Release|Any CPU
		{ADD14F25-1291-40DA-8D40-E889894B04E0}.Release|Any CPU.Build.0 = Release|Any CPU
		{A2DC084D-571D-435E-8F01-53FEAC103C59}.Debug|Any CPU.ActiveCfg = Debug|Any CPU
		{A2DC084D-571D-435E-8F01-53FEAC103C59}.Debug|Any CPU.Build.0 = Debug|Any CPU
		{A2DC084D-571D-435E-8F01-53FEAC103C59}.Release|Any CPU.ActiveCfg = Release|Any CPU
		{A2DC084D-571D-435E-8F01-53FEAC103C59}.Release|Any CPU.Build.0 = Release|Any CPU
		{285F8691-D307-432F-84A6-15847937C4B5}.Debug|Any CPU.ActiveCfg = Debug|Any CPU
		{285F8691-D307-432F-84A6-15847937C4B5}.Debug|Any CPU.Build.0 = Debug|Any CPU
		{285F8691-D307-432F-84A6-15847937C4B5}.Release|Any CPU.ActiveCfg = Release|Any CPU
		{285F8691-D307-432F-84A6-15847937C4B5}.Release|Any CPU.Build.0 = Release|Any CPU
		{CDFC3C86-189F-44E6-85F0-95064F43245A}.Debug|Any CPU.ActiveCfg = Debug|Any CPU
		{CDFC3C86-189F-44E6-85F0-95064F43245A}.Debug|Any CPU.Build.0 = Debug|Any CPU
		{CDFC3C86-189F-44E6-85F0-95064F43245A}.Release|Any CPU.ActiveCfg = Release|Any CPU
		{CDFC3C86-189F-44E6-85F0-95064F43245A}.Release|Any CPU.Build.0 = Release|Any CPU
		{4E5188D7-0F12-41F0-81C5-E44A8358FC7B}.Debug|Any CPU.ActiveCfg = Debug|Any CPU
		{4E5188D7-0F12-41F0-81C5-E44A8358FC7B}.Debug|Any CPU.Build.0 = Debug|Any CPU
		{4E5188D7-0F12-41F0-81C5-E44A8358FC7B}.Release|Any CPU.ActiveCfg = Release|Any CPU
		{4E5188D7-0F12-41F0-81C5-E44A8358FC7B}.Release|Any CPU.Build.0 = Release|Any CPU
		{2C69C756-91FE-4F86-95AA-16373F4CAA3F}.Debug|Any CPU.ActiveCfg = Debug|Any CPU
		{2C69C756-91FE-4F86-95AA-16373F4CAA3F}.Debug|Any CPU.Build.0 = Debug|Any CPU
		{2C69C756-91FE-4F86-95AA-16373F4CAA3F}.Release|Any CPU.ActiveCfg = Release|Any CPU
		{2C69C756-91FE-4F86-95AA-16373F4CAA3F}.Release|Any CPU.Build.0 = Release|Any CPU
		{0FEEFAEF-1D35-4F8C-899B-54F5A688EB78}.Debug|Any CPU.ActiveCfg = Debug|Any CPU
		{0FEEFAEF-1D35-4F8C-899B-54F5A688EB78}.Debug|Any CPU.Build.0 = Debug|Any CPU
		{0FEEFAEF-1D35-4F8C-899B-54F5A688EB78}.Release|Any CPU.ActiveCfg = Release|Any CPU
		{0FEEFAEF-1D35-4F8C-899B-54F5A688EB78}.Release|Any CPU.Build.0 = Release|Any CPU
		{A14A1B8D-6DB6-455D-8048-529AF7D6F31D}.Debug|Any CPU.ActiveCfg = Debug|Any CPU
		{A14A1B8D-6DB6-455D-8048-529AF7D6F31D}.Debug|Any CPU.Build.0 = Debug|Any CPU
		{A14A1B8D-6DB6-455D-8048-529AF7D6F31D}.Release|Any CPU.ActiveCfg = Release|Any CPU
		{A14A1B8D-6DB6-455D-8048-529AF7D6F31D}.Release|Any CPU.Build.0 = Release|Any CPU
		{693A75EC-43B7-40F6-98FE-ACF35AF02F19}.Debug|Any CPU.ActiveCfg = Debug|Any CPU
		{693A75EC-43B7-40F6-98FE-ACF35AF02F19}.Debug|Any CPU.Build.0 = Debug|Any CPU
		{693A75EC-43B7-40F6-98FE-ACF35AF02F19}.Release|Any CPU.ActiveCfg = Release|Any CPU
		{693A75EC-43B7-40F6-98FE-ACF35AF02F19}.Release|Any CPU.Build.0 = Release|Any CPU
	EndGlobalSection
	GlobalSection(SolutionProperties) = preSolution
		HideSolutionNode = FALSE
	EndGlobalSection
	GlobalSection(NestedProjects) = preSolution
		{46C99A6B-1616-4CC8-84F4-EAD319DEE4DE} = {C801C3E0-B287-4078-A7AE-3DE9C259A318}
		{CC2ED9F9-508E-4260-997F-EB2495B9E406} = {34CE6218-345E-4311-A5E4-8E4CA2DA192B}
		{091E80B3-824D-43CD-A839-A6B736B12138} = {F6F7B1F5-287F-4C61-AB7D-8D55FB72B1E0}
		{81821927-39E3-455A-8B28-30173DC38E68} = {F6F7B1F5-287F-4C61-AB7D-8D55FB72B1E0}
		{795B2089-FF3A-4E93-8F0B-67FF49222F26} = {A6A1379B-A42F-483A-B9D9-7CFCFAF979AE}
		{3D229E51-DEEF-4DF5-BE50-A3613E38EF2F} = {4010C5FA-182B-49BA-A21E-8D95E3D63D5B}
		{14A4ED23-4778-486A-9CB6-EC3187742410} = {4010C5FA-182B-49BA-A21E-8D95E3D63D5B}
		{94DF0C6A-8539-4E27-B8A1-1AD43E24C1D1} = {4010C5FA-182B-49BA-A21E-8D95E3D63D5B}
		{E947AA60-6279-4753-924B-8977CF1189C2} = {0AD46CCF-A2C3-4D14-8330-B5AFD13EBBEB}
		{03910D76-8880-4C67-B13B-D67545CA06DD} = {0AD46CCF-A2C3-4D14-8330-B5AFD13EBBEB}
		{361BF113-C62F-4A82-BFCD-C102D831E90C} = {717E51F1-3323-4AA4-A71F-D507278C325F}
		{BCC223B1-7C26-4890-B20B-18592F231208} = {717E51F1-3323-4AA4-A71F-D507278C325F}
		{BC18BDA9-B0A4-475C-8095-90879C621F26} = {20F634BD-A742-4F6A-8E0D-47A70F729D52}
		{91698409-7212-42D3-B62E-5460B2694254} = {20F634BD-A742-4F6A-8E0D-47A70F729D52}
		{EF345ADC-0583-490F-B622-2CC5277C1EEA} = {A33C732F-A0BB-4E52-A21C-AA24D6A942D6}
		{E14C3AC2-5451-4E62-BB4D-DEEFFAAE6501} = {24DA322B-59BC-4B83-B0A6-5852D4A5B5FC}
		{ADD14F25-1291-40DA-8D40-E889894B04E0} = {036C82CD-D0A0-425F-9D83-7E00DF9965C3}
		{A2DC084D-571D-435E-8F01-53FEAC103C59} = {036C82CD-D0A0-425F-9D83-7E00DF9965C3}
		{285F8691-D307-432F-84A6-15847937C4B5} = {ACD01151-38E6-4751-8C90-DA70CBACCE29}
		{CDFC3C86-189F-44E6-85F0-95064F43245A} = {8A131CA8-38E5-445F-B014-1F3E71F42492}
		{4E5188D7-0F12-41F0-81C5-E44A8358FC7B} = {D0E5EF5D-87E3-4BA3-A32D-6F5755A11D99}
		{2C69C756-91FE-4F86-95AA-16373F4CAA3F} = {2E21D810-C533-493E-B1D8-95AD2A479048}
		{0FEEFAEF-1D35-4F8C-899B-54F5A688EB78} = {7612C798-A5B6-49E3-8951-7C5E201DC821}
		{A14A1B8D-6DB6-455D-8048-529AF7D6F31D} = {7612C798-A5B6-49E3-8951-7C5E201DC821}
		{693A75EC-43B7-40F6-98FE-ACF35AF02F19} = {036C82CD-D0A0-425F-9D83-7E00DF9965C3}
	EndGlobalSection
	GlobalSection(ExtensibilityGlobals) = postSolution
		SolutionGuid = {07B63590-F646-4983-924C-A4C4C817BD75}
	EndGlobalSection
EndGlobal
